
Microsoft Visual Studio Solution File, Format Version 12.00
# Visual Studio Version 17
VisualStudioVersion = 17.0.31903.59
MinimumVisualStudioVersion = 10.0.40219.1
Project("{FAE04EC0-301F-11D3-BF4B-00C04F79EFBC}") = "SmartLog.API", "SmartLog.API\SmartLog.API.csproj", "{8872365A-5B04-4A1D-9C1A-CCF132795DDA}"
EndProject
Project("{FAE04EC0-301F-11D3-BF4B-00C04F79EFBC}") = "SmartLog.Domain", "SmartLog.Domain\SmartLog.Domain.csproj", "{5E771D06-D515-4C91-8D95-68D48CA8A838}"
EndProject
Project("{FAE04EC0-301F-11D3-BF4B-00C04F79EFBC}") = "SmartLog.Infra.Data", "SmartLog.Infra.Data\SmartLog.Infra.Data.csproj", "{E6E964F6-4CDB-4138-B677-FA9516806881}"
EndProject
Project("{FAE04EC0-301F-11D3-BF4B-00C04F79EFBC}") = "SmartLog.Infra.IoC", "SmartLog.Infra.IoC\SmartLog.Infra.IoC.csproj", "{8B8FD4EB-E6C2-4BC7-A67C-53FA10E14D09}"
EndProject
Project("{FAE04EC0-301F-11D3-BF4B-00C04F79EFBC}") = "SmartLog.Application", "SmartLog.Application\SmartLog.Application.csproj", "{30B98C73-01A4-4178-A1E4-9DA0EFBFF048}"
EndProject
Global
	GlobalSection(SolutionConfigurationPlatforms) = preSolution
		Debug|Any CPU = Debug|Any CPU
		Release|Any CPU = Release|Any CPU
	EndGlobalSection
	GlobalSection(SolutionProperties) = preSolution
		HideSolutionNode = FALSE
	EndGlobalSection
	GlobalSection(ProjectConfigurationPlatforms) = postSolution
		{8872365A-5B04-4A1D-9C1A-CCF132795DDA}.Debug|Any CPU.ActiveCfg = Debug|Any CPU
		{8872365A-5B04-4A1D-9C1A-CCF132795DDA}.Debug|Any CPU.Build.0 = Debug|Any CPU
		{8872365A-5B04-4A1D-9C1A-CCF132795DDA}.Release|Any CPU.ActiveCfg = Release|Any CPU
		{8872365A-5B04-4A1D-9C1A-CCF132795DDA}.Release|Any CPU.Build.0 = Release|Any CPU
		{5E771D06-D515-4C91-8D95-68D48CA8A838}.Debug|Any CPU.ActiveCfg = Debug|Any CPU
		{5E771D06-D515-4C91-8D95-68D48CA8A838}.Debug|Any CPU.Build.0 = Debug|Any CPU
		{5E771D06-D515-4C91-8D95-68D48CA8A838}.Release|Any CPU.ActiveCfg = Release|Any CPU
		{5E771D06-D515-4C91-8D95-68D48CA8A838}.Release|Any CPU.Build.0 = Release|Any CPU
		{E6E964F6-4CDB-4138-B677-FA9516806881}.Debug|Any CPU.ActiveCfg = Debug|Any CPU
		{E6E964F6-4CDB-4138-B677-FA9516806881}.Debug|Any CPU.Build.0 = Debug|Any CPU
		{E6E964F6-4CDB-4138-B677-FA9516806881}.Release|Any CPU.ActiveCfg = Release|Any CPU
		{E6E964F6-4CDB-4138-B677-FA9516806881}.Release|Any CPU.Build.0 = Release|Any CPU
		{8B8FD4EB-E6C2-4BC7-A67C-53FA10E14D09}.Debug|Any CPU.ActiveCfg = Debug|Any CPU
		{8B8FD4EB-E6C2-4BC7-A67C-53FA10E14D09}.Debug|Any CPU.Build.0 = Debug|Any CPU
		{8B8FD4EB-E6C2-4BC7-A67C-53FA10E14D09}.Release|Any CPU.ActiveCfg = Release|Any CPU
		{8B8FD4EB-E6C2-4BC7-A67C-53FA10E14D09}.Release|Any CPU.Build.0 = Release|Any CPU
		{30B98C73-01A4-4178-A1E4-9DA0EFBFF048}.Debug|Any CPU.ActiveCfg = Debug|Any CPU
		{30B98C73-01A4-4178-A1E4-9DA0EFBFF048}.Debug|Any CPU.Build.0 = Debug|Any CPU
		{30B98C73-01A4-4178-A1E4-9DA0EFBFF048}.Release|Any CPU.ActiveCfg = Release|Any CPU
		{30B98C73-01A4-4178-A1E4-9DA0EFBFF048}.Release|Any CPU.Build.0 = Release|Any CPU
	EndGlobalSection
EndGlobal
